
Microsoft Visual Studio Solution File, Format Version 12.00
# Visual Studio Version 17
VisualStudioVersion = 17.2.32516.85
MinimumVisualStudioVersion = 10.0.40219.1
Project("{9A19103F-16F7-4668-BE54-9A1E7A4F7556}") = "StoreKeeper", "StoreKeeper\StoreKeeper.csproj", "{CD40BF1F-8FAF-4F82-AE5F-D4049F14A20A}"
EndProject
Project("{FAE04EC0-301F-11D3-BF4B-00C04F79EFBC}") = "StoreKeeperTests", "StoreKeeperTests\StoreKeeperTests.csproj", "{D35C3A3C-E8DB-4FBA-8899-7133BB781B93}"
EndProject
Global
	GlobalSection(SolutionConfigurationPlatforms) = preSolution
		Debug|Any CPU = Debug|Any CPU
		Release|Any CPU = Release|Any CPU
	EndGlobalSection
	GlobalSection(ProjectConfigurationPlatforms) = postSolution
		{CD40BF1F-8FAF-4F82-AE5F-D4049F14A20A}.Debug|Any CPU.ActiveCfg = Debug|Any CPU
		{CD40BF1F-8FAF-4F82-AE5F-D4049F14A20A}.Debug|Any CPU.Build.0 = Debug|Any CPU
		{CD40BF1F-8FAF-4F82-AE5F-D4049F14A20A}.Release|Any CPU.ActiveCfg = Release|Any CPU
		{CD40BF1F-8FAF-4F82-AE5F-D4049F14A20A}.Release|Any CPU.Build.0 = Release|Any CPU
		{D35C3A3C-E8DB-4FBA-8899-7133BB781B93}.Debug|Any CPU.ActiveCfg = Debug|Any CPU
		{D35C3A3C-E8DB-4FBA-8899-7133BB781B93}.Debug|Any CPU.Build.0 = Debug|Any CPU
		{D35C3A3C-E8DB-4FBA-8899-7133BB781B93}.Release|Any CPU.ActiveCfg = Release|Any CPU
		{D35C3A3C-E8DB-4FBA-8899-7133BB781B93}.Release|Any CPU.Build.0 = Release|Any CPU
	EndGlobalSection
	GlobalSection(SolutionProperties) = preSolution
		HideSolutionNode = FALSE
	EndGlobalSection
	GlobalSection(ExtensibilityGlobals) = postSolution
		SolutionGuid = {CCB571FE-FAD5-48BA-8A56-392262DB9002}
	EndGlobalSection
EndGlobal
